
Microsoft Visual Studio Solution File, Format Version 12.00
# Visual Studio Version 16
VisualStudioVersion = 16.0.31424.327
MinimumVisualStudioVersion = 10.0.40219.1
Project("{FAE04EC0-301F-11D3-BF4B-00C04F79EFBC}") = "01-HolaMundo", "01-HolaMundo\01-HolaMundo.csproj", "{4A7F9319-F5AC-4100-AECD-B1EE26F418D6}"
EndProject
Project("{FAE04EC0-301F-11D3-BF4B-00C04F79EFBC}") = "02-Comentarios", "02-Comentarios\02-Comentarios.csproj", "{75EC6CCF-18C3-4CEA-869E-E6CC9468BD9E}"
EndProject
Project("{FAE04EC0-301F-11D3-BF4B-00C04F79EFBC}") = "03-Variables", "03-Variables\03-Variables.csproj", "{32480AD4-FBBC-4682-B8B1-7DD52DED6973}"
EndProject
Project("{FAE04EC0-301F-11D3-BF4B-00C04F79EFBC}") = "04-Metodos", "04-Metodos\04-Metodos.csproj", "{53DC2451-DC3D-4A66-8A68-B8B5352C900D}"
EndProject
Project("{FAE04EC0-301F-11D3-BF4B-00C04F79EFBC}") = "05-Metodos2", "05-Metodos2\05-Metodos2.csproj", "{CB178C95-2FE9-4B21-B4A6-412761655056}"
EndProject
Project("{FAE04EC0-301F-11D3-BF4B-00C04F79EFBC}") = "06-If", "05-If\06-If.csproj", "{EF26072A-0BED-4CBA-93C7-23F3A64574A5}"
EndProject
Project("{FAE04EC0-301F-11D3-BF4B-00C04F79EFBC}") = "07-Ciclos", "07-Ciclos\07-Ciclos.csproj", "{EE5E9257-89A7-449B-B8EA-80D8F4AB472D}"
EndProject
Project("{FAE04EC0-301F-11D3-BF4B-00C04F79EFBC}") = "08-Excepciones", "08-Excepciones\08-Excepciones.csproj", "{64D1D105-982B-4639-9AD4-FA9DD1D13FD5}"
EndProject
Project("{FAE04EC0-301F-11D3-BF4B-00C04F79EFBC}") = "09-Clases", "09-Clases\09-Clases.csproj", "{7D3859B8-F2CD-4491-B4AF-270A9208190D}"
EndProject
Project("{2150E333-8FDC-42A3-9474-1A3956D46DE8}") = "Solution Items", "Solution Items", "{34546F39-2218-475A-A55C-4A24ACB66DFC}"
EndProject
Project("{FAE04EC0-301F-11D3-BF4B-00C04F79EFBC}") = "10-TiposValorTiposReferencia", "10-TiposValorTiposReferencia\10-TiposValorTiposReferencia.csproj", "{5AC57EAC-37C2-4871-AC17-E7FD4CEA191C}"
EndProject
Project("{FAE04EC0-301F-11D3-BF4B-00C04F79EFBC}") = "11-Enumeraciones", "11-Enumeraciones\11-Enumeraciones.csproj", "{9EFFE58B-3179-41C1-A821-DEC47A6919AF}"
EndProject
Project("{FAE04EC0-301F-11D3-BF4B-00C04F79EFBC}") = "12-Estructuras", "12-Estructuras\12-Estructuras.csproj", "{FAB78322-8639-4C95-9236-55AFAE949619}"
EndProject
Project("{FAE04EC0-301F-11D3-BF4B-00C04F79EFBC}") = "13-Arreglos", "13-Arreglos\13-Arreglos.csproj", "{456C3181-417B-4145-AC5E-421CC62B1757}"
EndProject
Global
	GlobalSection(SolutionConfigurationPlatforms) = preSolution
		Debug|Any CPU = Debug|Any CPU
		Release|Any CPU = Release|Any CPU
	EndGlobalSection
	GlobalSection(ProjectConfigurationPlatforms) = postSolution
		{4A7F9319-F5AC-4100-AECD-B1EE26F418D6}.Debug|Any CPU.ActiveCfg = Debug|Any CPU
		{4A7F9319-F5AC-4100-AECD-B1EE26F418D6}.Debug|Any CPU.Build.0 = Debug|Any CPU
		{4A7F9319-F5AC-4100-AECD-B1EE26F418D6}.Release|Any CPU.ActiveCfg = Release|Any CPU
		{4A7F9319-F5AC-4100-AECD-B1EE26F418D6}.Release|Any CPU.Build.0 = Release|Any CPU
		{75EC6CCF-18C3-4CEA-869E-E6CC9468BD9E}.Debug|Any CPU.ActiveCfg = Debug|Any CPU
		{75EC6CCF-18C3-4CEA-869E-E6CC9468BD9E}.Debug|Any CPU.Build.0 = Debug|Any CPU
		{75EC6CCF-18C3-4CEA-869E-E6CC9468BD9E}.Release|Any CPU.ActiveCfg = Release|Any CPU
		{75EC6CCF-18C3-4CEA-869E-E6CC9468BD9E}.Release|Any CPU.Build.0 = Release|Any CPU
		{32480AD4-FBBC-4682-B8B1-7DD52DED6973}.Debug|Any CPU.ActiveCfg = Debug|Any CPU
		{32480AD4-FBBC-4682-B8B1-7DD52DED6973}.Debug|Any CPU.Build.0 = Debug|Any CPU
		{32480AD4-FBBC-4682-B8B1-7DD52DED6973}.Release|Any CPU.ActiveCfg = Release|Any CPU
		{32480AD4-FBBC-4682-B8B1-7DD52DED6973}.Release|Any CPU.Build.0 = Release|Any CPU
		{53DC2451-DC3D-4A66-8A68-B8B5352C900D}.Debug|Any CPU.ActiveCfg = Debug|Any CPU
		{53DC2451-DC3D-4A66-8A68-B8B5352C900D}.Debug|Any CPU.Build.0 = Debug|Any CPU
		{53DC2451-DC3D-4A66-8A68-B8B5352C900D}.Release|Any CPU.ActiveCfg = Release|Any CPU
		{53DC2451-DC3D-4A66-8A68-B8B5352C900D}.Release|Any CPU.Build.0 = Release|Any CPU
		{CB178C95-2FE9-4B21-B4A6-412761655056}.Debug|Any CPU.ActiveCfg = Debug|Any CPU
		{CB178C95-2FE9-4B21-B4A6-412761655056}.Debug|Any CPU.Build.0 = Debug|Any CPU
		{CB178C95-2FE9-4B21-B4A6-412761655056}.Release|Any CPU.ActiveCfg = Release|Any CPU
		{CB178C95-2FE9-4B21-B4A6-412761655056}.Release|Any CPU.Build.0 = Release|Any CPU
		{EF26072A-0BED-4CBA-93C7-23F3A64574A5}.Debug|Any CPU.ActiveCfg = Debug|Any CPU
		{EF26072A-0BED-4CBA-93C7-23F3A64574A5}.Debug|Any CPU.Build.0 = Debug|Any CPU
		{EF26072A-0BED-4CBA-93C7-23F3A64574A5}.Release|Any CPU.ActiveCfg = Release|Any CPU
		{EF26072A-0BED-4CBA-93C7-23F3A64574A5}.Release|Any CPU.Build.0 = Release|Any CPU
		{EE5E9257-89A7-449B-B8EA-80D8F4AB472D}.Debug|Any CPU.ActiveCfg = Debug|Any CPU
		{EE5E9257-89A7-449B-B8EA-80D8F4AB472D}.Debug|Any CPU.Build.0 = Debug|Any CPU
		{EE5E9257-89A7-449B-B8EA-80D8F4AB472D}.Release|Any CPU.ActiveCfg = Release|Any CPU
		{EE5E9257-89A7-449B-B8EA-80D8F4AB472D}.Release|Any CPU.Build.0 = Release|Any CPU
		{64D1D105-982B-4639-9AD4-FA9DD1D13FD5}.Debug|Any CPU.ActiveCfg = Debug|Any CPU
		{64D1D105-982B-4639-9AD4-FA9DD1D13FD5}.Debug|Any CPU.Build.0 = Debug|Any CPU
		{64D1D105-982B-4639-9AD4-FA9DD1D13FD5}.Release|Any CPU.ActiveCfg = Release|Any CPU
		{64D1D105-982B-4639-9AD4-FA9DD1D13FD5}.Release|Any CPU.Build.0 = Release|Any CPU
		{7D3859B8-F2CD-4491-B4AF-270A9208190D}.Debug|Any CPU.ActiveCfg = Debug|Any CPU
		{7D3859B8-F2CD-4491-B4AF-270A9208190D}.Debug|Any CPU.Build.0 = Debug|Any CPU
		{7D3859B8-F2CD-4491-B4AF-270A9208190D}.Release|Any CPU.ActiveCfg = Release|Any CPU
		{7D3859B8-F2CD-4491-B4AF-270A9208190D}.Release|Any CPU.Build.0 = Release|Any CPU
		{5AC57EAC-37C2-4871-AC17-E7FD4CEA191C}.Debug|Any CPU.ActiveCfg = Debug|Any CPU
		{5AC57EAC-37C2-4871-AC17-E7FD4CEA191C}.Debug|Any CPU.Build.0 = Debug|Any CPU
		{5AC57EAC-37C2-4871-AC17-E7FD4CEA191C}.Release|Any CPU.ActiveCfg = Release|Any CPU
		{5AC57EAC-37C2-4871-AC17-E7FD4CEA191C}.Release|Any CPU.Build.0 = Release|Any CPU
		{9EFFE58B-3179-41C1-A821-DEC47A6919AF}.Debug|Any CPU.ActiveCfg = Debug|Any CPU
		{9EFFE58B-3179-41C1-A821-DEC47A6919AF}.Debug|Any CPU.Build.0 = Debug|Any CPU
		{9EFFE58B-3179-41C1-A821-DEC47A6919AF}.Release|Any CPU.ActiveCfg = Release|Any CPU
		{9EFFE58B-3179-41C1-A821-DEC47A6919AF}.Release|Any CPU.Build.0 = Release|Any CPU
		{FAB78322-8639-4C95-9236-55AFAE949619}.Debug|Any CPU.ActiveCfg = Debug|Any CPU
		{FAB78322-8639-4C95-9236-55AFAE949619}.Debug|Any CPU.Build.0 = Debug|Any CPU
		{FAB78322-8639-4C95-9236-55AFAE949619}.Release|Any CPU.ActiveCfg = Release|Any CPU
		{FAB78322-8639-4C95-9236-55AFAE949619}.Release|Any CPU.Build.0 = Release|Any CPU
		{456C3181-417B-4145-AC5E-421CC62B1757}.Debug|Any CPU.ActiveCfg = Debug|Any CPU
		{456C3181-417B-4145-AC5E-421CC62B1757}.Debug|Any CPU.Build.0 = Debug|Any CPU
		{456C3181-417B-4145-AC5E-421CC62B1757}.Release|Any CPU.ActiveCfg = Release|Any CPU
		{456C3181-417B-4145-AC5E-421CC62B1757}.Release|Any CPU.Build.0 = Release|Any CPU
	EndGlobalSection
	GlobalSection(SolutionProperties) = preSolution
		HideSolutionNode = FALSE
	EndGlobalSection
	GlobalSection(ExtensibilityGlobals) = postSolution
		SolutionGuid = {DE2CF916-A43B-487E-93A2-6A69F9DB37A5}
	EndGlobalSection
EndGlobal
